
Microsoft Visual Studio Solution File, Format Version 12.00
# 
Project("{FAE04EC0-301F-11D3-BF4B-00C04F79EFBC}") = "ConsoleApp1", "ConsoleApp1\ConsoleApp1.csproj", "{515E4601-2333-410F-BD64-46BE75C80E30}"
EndProject
Project("{FAE04EC0-301F-11D3-BF4B-00C04F79EFBC}") = "ConsoleApp2", "ConsoleApp2\ConsoleApp2.csproj", "{AE257144-F8B4-47E2-BEE3-934488894B34}"
EndProject
Project("{FAE04EC0-301F-11D3-BF4B-00C04F79EFBC}") = "ConsoleApp3", "ConsoleApp3\ConsoleApp3.csproj", "{C5D33D68-02F2-4A37-A9A2-27C3DCD5A442}"
EndProject
Project("{FAE04EC0-301F-11D3-BF4B-00C04F79EFBC}") = "ConsoleApp4", "ConsoleApp4\ConsoleApp4.csproj", "{98495C34-4AC8-44B7-8BE3-93CF01886B7F}"
EndProject
Project("{FAE04EC0-301F-11D3-BF4B-00C04F79EFBC}") = "ConsoleApp6", "ConsoleApp6\ConsoleApp6.csproj", "{C8D32FF9-B291-4D33-BD94-827B131FC0A9}"
EndProject
Project("{FAE04EC0-301F-11D3-BF4B-00C04F79EFBC}") = "ConsoleApp7", "ConsoleApp7\ConsoleApp7.csproj", "{B511C9F4-754D-44D1-A988-0A5CB296F02B}"
EndProject
Project("{FAE04EC0-301F-11D3-BF4B-00C04F79EFBC}") = "ConsoleApp8", "ConsoleApp8\ConsoleApp8.csproj", "{A07AEF81-84CE-4E80-B5C5-686262DD27E8}"
EndProject
Project("{FAE04EC0-301F-11D3-BF4B-00C04F79EFBC}") = "ConsoleApp9", "ConsoleApp9\ConsoleApp9.csproj", "{2971F77B-D921-4992-BF81-69B5B5782A6C}"
EndProject
Project("{FAE04EC0-301F-11D3-BF4B-00C04F79EFBC}") = "ConsoleApp10", "ConsoleApp10\ConsoleApp10.csproj", "{C9106693-FEE8-4818-AA14-50656A485CE6}"
EndProject
Project("{FAE04EC0-301F-11D3-BF4B-00C04F79EFBC}") = "ConsoleApp11", "ConsoleApp11\ConsoleApp11.csproj", "{5A30F169-ABB6-4D0B-8017-26FFAE562119}"
EndProject
Project("{FAE04EC0-301F-11D3-BF4B-00C04F79EFBC}") = "ConsoleApp12", "ConsoleApp12\ConsoleApp12.csproj", "{E3A476A2-ED6E-4C74-B9FC-7EDAE3A4B9CC}"
EndProject
Project("{FAE04EC0-301F-11D3-BF4B-00C04F79EFBC}") = "ConsoleApp13", "ConsoleApp13\ConsoleApp13.csproj", "{64ECCB60-2AA1-466C-9431-BDDE9CE89D6A}"
EndProject
Project("{FAE04EC0-301F-11D3-BF4B-00C04F79EFBC}") = "ConsoleApp14", "ConsoleApp14\ConsoleApp14.csproj", "{489DE5A9-793D-4303-A585-574F43992A27}"
EndProject
Project("{FAE04EC0-301F-11D3-BF4B-00C04F79EFBC}") = "ConsoleApp15", "ConsoleApp15\ConsoleApp15.csproj", "{B58A64D7-A743-474E-AFA4-71AC8869586F}"
EndProject
Project("{FAE04EC0-301F-11D3-BF4B-00C04F79EFBC}") = "ConsoleApp16", "ConsoleApp16\ConsoleApp16.csproj", "{85C8A47E-9D88-4B00-A0A3-BFC1516FB926}"
EndProject
Project("{2150E333-8FDC-42A3-9474-1A3956D46DE8}") = "OOP", "OOP", "{24032E12-6441-44BF-B405-BB745C22409F}"
EndProject
Project("{FAE04EC0-301F-11D3-BF4B-00C04F79EFBC}") = "ConsoleApp18", "ConsoleApp18\ConsoleApp18.csproj", "{A93A3B85-2150-4067-AFA0-70A9278E2F57}"
EndProject
Project("{FAE04EC0-301F-11D3-BF4B-00C04F79EFBC}") = "ConsoleApp19", "ConsoleApp19\ConsoleApp19.csproj", "{E82503EF-DD74-4D0E-B5FA-8130E9A0F889}"
EndProject
Project("{FAE04EC0-301F-11D3-BF4B-00C04F79EFBC}") = "ConsoleApp20", "ConsoleApp20\ConsoleApp20.csproj", "{72CEF637-9334-42CD-AE03-A023AD809D6A}"
EndProject
Project("{FAE04EC0-301F-11D3-BF4B-00C04F79EFBC}") = "ConsoleApp21", "ConsoleApp21\ConsoleApp21.csproj", "{A8491514-E2EB-40F2-BA85-C11B8F0B7F81}"
EndProject
Project("{FAE04EC0-301F-11D3-BF4B-00C04F79EFBC}") = "ConsoleApp22", "ConsoleApp22\ConsoleApp22.csproj", "{E47CDC1D-0728-464F-BA32-2F7BD187136C}"
EndProject
Project("{FAE04EC0-301F-11D3-BF4B-00C04F79EFBC}") = "ConsoleApp23", "ConsoleApp23\ConsoleApp23.csproj", "{E15C0BA7-97BB-4C9D-ACBC-18EEE0352CBE}"
EndProject
Project("{FAE04EC0-301F-11D3-BF4B-00C04F79EFBC}") = "ConsoleApp24", "ConsoleApp24\ConsoleApp24.csproj", "{4D058968-EB42-405D-AE72-B2ED8A8726E1}"
EndProject
Project("{FAE04EC0-301F-11D3-BF4B-00C04F79EFBC}") = "ConsoleApp26", "ConsoleApp26\ConsoleApp26.csproj", "{5D789A59-C1D4-41FE-9AEA-8009580910EF}"
EndProject
Project("{FAE04EC0-301F-11D3-BF4B-00C04F79EFBC}") = "ConsoleApp25", "ConsoleApp25\ConsoleApp25.csproj", "{EB818269-8C3E-4122-A575-DB63907669F9}"
EndProject
Global
	GlobalSection(SolutionConfigurationPlatforms) = preSolution
		Debug|Any CPU = Debug|Any CPU
		Release|Any CPU = Release|Any CPU
	EndGlobalSection
	GlobalSection(ProjectConfigurationPlatforms) = postSolution
		{515E4601-2333-410F-BD64-46BE75C80E30}.Debug|Any CPU.ActiveCfg = Debug|Any CPU
		{515E4601-2333-410F-BD64-46BE75C80E30}.Debug|Any CPU.Build.0 = Debug|Any CPU
		{515E4601-2333-410F-BD64-46BE75C80E30}.Release|Any CPU.ActiveCfg = Release|Any CPU
		{515E4601-2333-410F-BD64-46BE75C80E30}.Release|Any CPU.Build.0 = Release|Any CPU
		{AE257144-F8B4-47E2-BEE3-934488894B34}.Debug|Any CPU.ActiveCfg = Debug|Any CPU
		{AE257144-F8B4-47E2-BEE3-934488894B34}.Debug|Any CPU.Build.0 = Debug|Any CPU
		{AE257144-F8B4-47E2-BEE3-934488894B34}.Release|Any CPU.ActiveCfg = Release|Any CPU
		{AE257144-F8B4-47E2-BEE3-934488894B34}.Release|Any CPU.Build.0 = Release|Any CPU
		{C5D33D68-02F2-4A37-A9A2-27C3DCD5A442}.Debug|Any CPU.ActiveCfg = Debug|Any CPU
		{C5D33D68-02F2-4A37-A9A2-27C3DCD5A442}.Debug|Any CPU.Build.0 = Debug|Any CPU
		{C5D33D68-02F2-4A37-A9A2-27C3DCD5A442}.Release|Any CPU.ActiveCfg = Release|Any CPU
		{C5D33D68-02F2-4A37-A9A2-27C3DCD5A442}.Release|Any CPU.Build.0 = Release|Any CPU
		{98495C34-4AC8-44B7-8BE3-93CF01886B7F}.Debug|Any CPU.ActiveCfg = Debug|Any CPU
		{98495C34-4AC8-44B7-8BE3-93CF01886B7F}.Debug|Any CPU.Build.0 = Debug|Any CPU
		{98495C34-4AC8-44B7-8BE3-93CF01886B7F}.Release|Any CPU.ActiveCfg = Release|Any CPU
		{98495C34-4AC8-44B7-8BE3-93CF01886B7F}.Release|Any CPU.Build.0 = Release|Any CPU
		{C8D32FF9-B291-4D33-BD94-827B131FC0A9}.Debug|Any CPU.ActiveCfg = Debug|Any CPU
		{C8D32FF9-B291-4D33-BD94-827B131FC0A9}.Debug|Any CPU.Build.0 = Debug|Any CPU
		{C8D32FF9-B291-4D33-BD94-827B131FC0A9}.Release|Any CPU.ActiveCfg = Release|Any CPU
		{C8D32FF9-B291-4D33-BD94-827B131FC0A9}.Release|Any CPU.Build.0 = Release|Any CPU
		{B511C9F4-754D-44D1-A988-0A5CB296F02B}.Debug|Any CPU.ActiveCfg = Debug|Any CPU
		{B511C9F4-754D-44D1-A988-0A5CB296F02B}.Debug|Any CPU.Build.0 = Debug|Any CPU
		{B511C9F4-754D-44D1-A988-0A5CB296F02B}.Release|Any CPU.ActiveCfg = Release|Any CPU
		{B511C9F4-754D-44D1-A988-0A5CB296F02B}.Release|Any CPU.Build.0 = Release|Any CPU
		{A07AEF81-84CE-4E80-B5C5-686262DD27E8}.Debug|Any CPU.ActiveCfg = Debug|Any CPU
		{A07AEF81-84CE-4E80-B5C5-686262DD27E8}.Debug|Any CPU.Build.0 = Debug|Any CPU
		{A07AEF81-84CE-4E80-B5C5-686262DD27E8}.Release|Any CPU.ActiveCfg = Release|Any CPU
		{A07AEF81-84CE-4E80-B5C5-686262DD27E8}.Release|Any CPU.Build.0 = Release|Any CPU
		{2971F77B-D921-4992-BF81-69B5B5782A6C}.Debug|Any CPU.ActiveCfg = Debug|Any CPU
		{2971F77B-D921-4992-BF81-69B5B5782A6C}.Debug|Any CPU.Build.0 = Debug|Any CPU
		{2971F77B-D921-4992-BF81-69B5B5782A6C}.Release|Any CPU.ActiveCfg = Release|Any CPU
		{2971F77B-D921-4992-BF81-69B5B5782A6C}.Release|Any CPU.Build.0 = Release|Any CPU
		{C9106693-FEE8-4818-AA14-50656A485CE6}.Debug|Any CPU.ActiveCfg = Debug|Any CPU
		{C9106693-FEE8-4818-AA14-50656A485CE6}.Debug|Any CPU.Build.0 = Debug|Any CPU
		{C9106693-FEE8-4818-AA14-50656A485CE6}.Release|Any CPU.ActiveCfg = Release|Any CPU
		{C9106693-FEE8-4818-AA14-50656A485CE6}.Release|Any CPU.Build.0 = Release|Any CPU
		{5A30F169-ABB6-4D0B-8017-26FFAE562119}.Debug|Any CPU.ActiveCfg = Debug|Any CPU
		{5A30F169-ABB6-4D0B-8017-26FFAE562119}.Debug|Any CPU.Build.0 = Debug|Any CPU
		{5A30F169-ABB6-4D0B-8017-26FFAE562119}.Release|Any CPU.ActiveCfg = Release|Any CPU
		{5A30F169-ABB6-4D0B-8017-26FFAE562119}.Release|Any CPU.Build.0 = Release|Any CPU
		{E3A476A2-ED6E-4C74-B9FC-7EDAE3A4B9CC}.Debug|Any CPU.ActiveCfg = Debug|Any CPU
		{E3A476A2-ED6E-4C74-B9FC-7EDAE3A4B9CC}.Debug|Any CPU.Build.0 = Debug|Any CPU
		{E3A476A2-ED6E-4C74-B9FC-7EDAE3A4B9CC}.Release|Any CPU.ActiveCfg = Release|Any CPU
		{E3A476A2-ED6E-4C74-B9FC-7EDAE3A4B9CC}.Release|Any CPU.Build.0 = Release|Any CPU
		{64ECCB60-2AA1-466C-9431-BDDE9CE89D6A}.Debug|Any CPU.ActiveCfg = Debug|Any CPU
		{64ECCB60-2AA1-466C-9431-BDDE9CE89D6A}.Debug|Any CPU.Build.0 = Debug|Any CPU
		{64ECCB60-2AA1-466C-9431-BDDE9CE89D6A}.Release|Any CPU.ActiveCfg = Release|Any CPU
		{64ECCB60-2AA1-466C-9431-BDDE9CE89D6A}.Release|Any CPU.Build.0 = Release|Any CPU
		{489DE5A9-793D-4303-A585-574F43992A27}.Debug|Any CPU.ActiveCfg = Debug|Any CPU
		{489DE5A9-793D-4303-A585-574F43992A27}.Debug|Any CPU.Build.0 = Debug|Any CPU
		{489DE5A9-793D-4303-A585-574F43992A27}.Release|Any CPU.ActiveCfg = Release|Any CPU
		{489DE5A9-793D-4303-A585-574F43992A27}.Release|Any CPU.Build.0 = Release|Any CPU
		{B58A64D7-A743-474E-AFA4-71AC8869586F}.Debug|Any CPU.ActiveCfg = Debug|Any CPU
		{B58A64D7-A743-474E-AFA4-71AC8869586F}.Debug|Any CPU.Build.0 = Debug|Any CPU
		{B58A64D7-A743-474E-AFA4-71AC8869586F}.Release|Any CPU.ActiveCfg = Release|Any CPU
		{B58A64D7-A743-474E-AFA4-71AC8869586F}.Release|Any CPU.Build.0 = Release|Any CPU
		{85C8A47E-9D88-4B00-A0A3-BFC1516FB926}.Debug|Any CPU.ActiveCfg = Debug|Any CPU
		{85C8A47E-9D88-4B00-A0A3-BFC1516FB926}.Debug|Any CPU.Build.0 = Debug|Any CPU
		{85C8A47E-9D88-4B00-A0A3-BFC1516FB926}.Release|Any CPU.ActiveCfg = Release|Any CPU
		{85C8A47E-9D88-4B00-A0A3-BFC1516FB926}.Release|Any CPU.Build.0 = Release|Any CPU
		{A93A3B85-2150-4067-AFA0-70A9278E2F57}.Debug|Any CPU.ActiveCfg = Debug|Any CPU
		{A93A3B85-2150-4067-AFA0-70A9278E2F57}.Debug|Any CPU.Build.0 = Debug|Any CPU
		{A93A3B85-2150-4067-AFA0-70A9278E2F57}.Release|Any CPU.ActiveCfg = Release|Any CPU
		{A93A3B85-2150-4067-AFA0-70A9278E2F57}.Release|Any CPU.Build.0 = Release|Any CPU
		{E82503EF-DD74-4D0E-B5FA-8130E9A0F889}.Debug|Any CPU.ActiveCfg = Debug|Any CPU
		{E82503EF-DD74-4D0E-B5FA-8130E9A0F889}.Debug|Any CPU.Build.0 = Debug|Any CPU
		{E82503EF-DD74-4D0E-B5FA-8130E9A0F889}.Release|Any CPU.ActiveCfg = Release|Any CPU
		{E82503EF-DD74-4D0E-B5FA-8130E9A0F889}.Release|Any CPU.Build.0 = Release|Any CPU
		{72CEF637-9334-42CD-AE03-A023AD809D6A}.Debug|Any CPU.ActiveCfg = Debug|Any CPU
		{72CEF637-9334-42CD-AE03-A023AD809D6A}.Debug|Any CPU.Build.0 = Debug|Any CPU
		{72CEF637-9334-42CD-AE03-A023AD809D6A}.Release|Any CPU.ActiveCfg = Release|Any CPU
		{72CEF637-9334-42CD-AE03-A023AD809D6A}.Release|Any CPU.Build.0 = Release|Any CPU
		{A8491514-E2EB-40F2-BA85-C11B8F0B7F81}.Debug|Any CPU.ActiveCfg = Debug|Any CPU
		{A8491514-E2EB-40F2-BA85-C11B8F0B7F81}.Debug|Any CPU.Build.0 = Debug|Any CPU
		{A8491514-E2EB-40F2-BA85-C11B8F0B7F81}.Release|Any CPU.ActiveCfg = Release|Any CPU
		{A8491514-E2EB-40F2-BA85-C11B8F0B7F81}.Release|Any CPU.Build.0 = Release|Any CPU
		{E47CDC1D-0728-464F-BA32-2F7BD187136C}.Debug|Any CPU.ActiveCfg = Debug|Any CPU
		{E47CDC1D-0728-464F-BA32-2F7BD187136C}.Debug|Any CPU.Build.0 = Debug|Any CPU
		{E47CDC1D-0728-464F-BA32-2F7BD187136C}.Release|Any CPU.ActiveCfg = Release|Any CPU
		{E47CDC1D-0728-464F-BA32-2F7BD187136C}.Release|Any CPU.Build.0 = Release|Any CPU
		{E15C0BA7-97BB-4C9D-ACBC-18EEE0352CBE}.Debug|Any CPU.ActiveCfg = Debug|Any CPU
		{E15C0BA7-97BB-4C9D-ACBC-18EEE0352CBE}.Debug|Any CPU.Build.0 = Debug|Any CPU
		{E15C0BA7-97BB-4C9D-ACBC-18EEE0352CBE}.Release|Any CPU.ActiveCfg = Release|Any CPU
		{E15C0BA7-97BB-4C9D-ACBC-18EEE0352CBE}.Release|Any CPU.Build.0 = Release|Any CPU
		{4D058968-EB42-405D-AE72-B2ED8A8726E1}.Debug|Any CPU.ActiveCfg = Debug|Any CPU
		{4D058968-EB42-405D-AE72-B2ED8A8726E1}.Debug|Any CPU.Build.0 = Debug|Any CPU
		{4D058968-EB42-405D-AE72-B2ED8A8726E1}.Release|Any CPU.ActiveCfg = Release|Any CPU
		{4D058968-EB42-405D-AE72-B2ED8A8726E1}.Release|Any CPU.Build.0 = Release|Any CPU
		{5D789A59-C1D4-41FE-9AEA-8009580910EF}.Debug|Any CPU.ActiveCfg = Debug|Any CPU
		{5D789A59-C1D4-41FE-9AEA-8009580910EF}.Debug|Any CPU.Build.0 = Debug|Any CPU
		{5D789A59-C1D4-41FE-9AEA-8009580910EF}.Release|Any CPU.ActiveCfg = Release|Any CPU
		{5D789A59-C1D4-41FE-9AEA-8009580910EF}.Release|Any CPU.Build.0 = Release|Any CPU
		{EB818269-8C3E-4122-A575-DB63907669F9}.Debug|Any CPU.ActiveCfg = Debug|Any CPU
		{EB818269-8C3E-4122-A575-DB63907669F9}.Debug|Any CPU.Build.0 = Debug|Any CPU
		{EB818269-8C3E-4122-A575-DB63907669F9}.Release|Any CPU.ActiveCfg = Release|Any CPU
		{EB818269-8C3E-4122-A575-DB63907669F9}.Release|Any CPU.Build.0 = Release|Any CPU
	EndGlobalSection
	GlobalSection(NestedProjects) = preSolution
		{A93A3B85-2150-4067-AFA0-70A9278E2F57} = {24032E12-6441-44BF-B405-BB745C22409F}
		{E82503EF-DD74-4D0E-B5FA-8130E9A0F889} = {24032E12-6441-44BF-B405-BB745C22409F}
		{72CEF637-9334-42CD-AE03-A023AD809D6A} = {24032E12-6441-44BF-B405-BB745C22409F}
		{A8491514-E2EB-40F2-BA85-C11B8F0B7F81} = {24032E12-6441-44BF-B405-BB745C22409F}
		{E47CDC1D-0728-464F-BA32-2F7BD187136C} = {24032E12-6441-44BF-B405-BB745C22409F}
		{E15C0BA7-97BB-4C9D-ACBC-18EEE0352CBE} = {24032E12-6441-44BF-B405-BB745C22409F}
		{4D058968-EB42-405D-AE72-B2ED8A8726E1} = {24032E12-6441-44BF-B405-BB745C22409F}
		{5D789A59-C1D4-41FE-9AEA-8009580910EF} = {24032E12-6441-44BF-B405-BB745C22409F}
	EndGlobalSection
EndGlobal
