
Microsoft Visual Studio Solution File, Format Version 12.00
#
Project("{FAE04EC0-301F-11D3-BF4B-00C04F79EFBC}") = "ConsoleApp1", "ConsoleApp1\ConsoleApp1.csproj", "{515E4601-2333-410F-BD64-46BE75C80E30}"
EndProject
Project("{FAE04EC0-301F-11D3-BF4B-00C04F79EFBC}") = "ConsoleApp2", "ConsoleApp2\ConsoleApp2.csproj", "{AE257144-F8B4-47E2-BEE3-934488894B34}"
EndProject
Project("{FAE04EC0-301F-11D3-BF4B-00C04F79EFBC}") = "ConsoleApp3", "ConsoleApp3\ConsoleApp3.csproj", "{C5D33D68-02F2-4A37-A9A2-27C3DCD5A442}"
EndProject
Project("{FAE04EC0-301F-11D3-BF4B-00C04F79EFBC}") = "ConsoleApp4", "ConsoleApp4\ConsoleApp4.csproj", "{98495C34-4AC8-44B7-8BE3-93CF01886B7F}"
EndProject
Project("{FAE04EC0-301F-11D3-BF4B-00C04F79EFBC}") = "ConsoleApp6", "ConsoleApp6\ConsoleApp6.csproj", "{C8D32FF9-B291-4D33-BD94-827B131FC0A9}"
EndProject
Global
	GlobalSection(SolutionConfigurationPlatforms) = preSolution
		Debug|Any CPU = Debug|Any CPU
		Release|Any CPU = Release|Any CPU
	EndGlobalSection
	GlobalSection(ProjectConfigurationPlatforms) = postSolution
		{515E4601-2333-410F-BD64-46BE75C80E30}.Debug|Any CPU.ActiveCfg = Debug|Any CPU
		{515E4601-2333-410F-BD64-46BE75C80E30}.Debug|Any CPU.Build.0 = Debug|Any CPU
		{515E4601-2333-410F-BD64-46BE75C80E30}.Release|Any CPU.ActiveCfg = Release|Any CPU
		{515E4601-2333-410F-BD64-46BE75C80E30}.Release|Any CPU.Build.0 = Release|Any CPU
		{AE257144-F8B4-47E2-BEE3-934488894B34}.Debug|Any CPU.ActiveCfg = Debug|Any CPU
		{AE257144-F8B4-47E2-BEE3-934488894B34}.Debug|Any CPU.Build.0 = Debug|Any CPU
		{AE257144-F8B4-47E2-BEE3-934488894B34}.Release|Any CPU.ActiveCfg = Release|Any CPU
		{AE257144-F8B4-47E2-BEE3-934488894B34}.Release|Any CPU.Build.0 = Release|Any CPU
		{C5D33D68-02F2-4A37-A9A2-27C3DCD5A442}.Debug|Any CPU.ActiveCfg = Debug|Any CPU
		{C5D33D68-02F2-4A37-A9A2-27C3DCD5A442}.Debug|Any CPU.Build.0 = Debug|Any CPU
		{C5D33D68-02F2-4A37-A9A2-27C3DCD5A442}.Release|Any CPU.ActiveCfg = Release|Any CPU
		{C5D33D68-02F2-4A37-A9A2-27C3DCD5A442}.Release|Any CPU.Build.0 = Release|Any CPU
		{98495C34-4AC8-44B7-8BE3-93CF01886B7F}.Debug|Any CPU.ActiveCfg = Debug|Any CPU
		{98495C34-4AC8-44B7-8BE3-93CF01886B7F}.Debug|Any CPU.Build.0 = Debug|Any CPU
		{98495C34-4AC8-44B7-8BE3-93CF01886B7F}.Release|Any CPU.ActiveCfg = Release|Any CPU
		{98495C34-4AC8-44B7-8BE3-93CF01886B7F}.Release|Any CPU.Build.0 = Release|Any CPU
		{C8D32FF9-B291-4D33-BD94-827B131FC0A9}.Debug|Any CPU.ActiveCfg = Debug|Any CPU
		{C8D32FF9-B291-4D33-BD94-827B131FC0A9}.Debug|Any CPU.Build.0 = Debug|Any CPU
		{C8D32FF9-B291-4D33-BD94-827B131FC0A9}.Release|Any CPU.ActiveCfg = Release|Any CPU
		{C8D32FF9-B291-4D33-BD94-827B131FC0A9}.Release|Any CPU.Build.0 = Release|Any CPU
	EndGlobalSection
EndGlobal
